
Microsoft Visual Studio Solution File, Format Version 12.00
# Visual Studio Version 17
VisualStudioVersion = 17.14.36414.22 d17.14
MinimumVisualStudioVersion = 10.0.40219.1
Project("{FAE04EC0-301F-11D3-BF4B-00C04F79EFBC}") = "Task.API", "Task.API\Task.API.csproj", "{AE95E906-0767-4116-AF5E-280046DDBB92}"
EndProject
Global
	GlobalSection(SolutionConfigurationPlatforms) = preSolution
		Debug|Any CPU = Debug|Any CPU
		Release|Any CPU = Release|Any CPU
	EndGlobalSection
	GlobalSection(ProjectConfigurationPlatforms) = postSolution
		{AE95E906-0767-4116-AF5E-280046DDBB92}.Debug|Any CPU.ActiveCfg = Debug|Any CPU
		{AE95E906-0767-4116-AF5E-280046DDBB92}.Debug|Any CPU.Build.0 = Debug|Any CPU
		{AE95E906-0767-4116-AF5E-280046DDBB92}.Release|Any CPU.ActiveCfg = Release|Any CPU
		{AE95E906-0767-4116-AF5E-280046DDBB92}.Release|Any CPU.Build.0 = Release|Any CPU
	EndGlobalSection
	GlobalSection(SolutionProperties) = preSolution
		HideSolutionNode = FALSE
	EndGlobalSection
	GlobalSection(ExtensibilityGlobals) = postSolution
		SolutionGuid = {E6F7FBD8-B976-4B1C-9226-94BA5CB4D072}
	EndGlobalSection
EndGlobal
